
Microsoft Visual Studio Solution File, Format Version 12.00
# Visual Studio Version 17
VisualStudioVersion = 17.9.34728.123
MinimumVisualStudioVersion = 10.0.40219.1
Project("{FAE04EC0-301F-11D3-BF4B-00C04F79EFBC}") = "Snake Ladder", "Snake Ladder\Snake Ladder.csproj", "{62085E7B-D1CA-46B4-B370-5BC3F33B2553}"
EndProject
Global
	GlobalSection(SolutionConfigurationPlatforms) = preSolution
		Debug|Any CPU = Debug|Any CPU
		Release|Any CPU = Release|Any CPU
	EndGlobalSection
	GlobalSection(ProjectConfigurationPlatforms) = postSolution
		{62085E7B-D1CA-46B4-B370-5BC3F33B2553}.Debug|Any CPU.ActiveCfg = Debug|Any CPU
		{62085E7B-D1CA-46B4-B370-5BC3F33B2553}.Debug|Any CPU.Build.0 = Debug|Any CPU
		{62085E7B-D1CA-46B4-B370-5BC3F33B2553}.Release|Any CPU.ActiveCfg = Release|Any CPU
		{62085E7B-D1CA-46B4-B370-5BC3F33B2553}.Release|Any CPU.Build.0 = Release|Any CPU
	EndGlobalSection
	GlobalSection(SolutionProperties) = preSolution
		HideSolutionNode = FALSE
	EndGlobalSection
	GlobalSection(ExtensibilityGlobals) = postSolution
		SolutionGuid = {D3A6D428-34EA-4C78-958A-10843E2538F5}
	EndGlobalSection
EndGlobal
